
Microsoft Visual Studio Solution File, Format Version 12.00
# Visual Studio Version 16
VisualStudioVersion = 16.0.30804.86
MinimumVisualStudioVersion = 10.0.40219.1
Project("{FAE04EC0-301F-11D3-BF4B-00C04F79EFBC}") = "UI_Warenbestand", "UI_Warenbestand.csproj", "{1DDA64F8-7081-47C4-8C70-98113A861333}"
EndProject
Global
	GlobalSection(SolutionConfigurationPlatforms) = preSolution
		Debug|Any CPU = Debug|Any CPU
		Release|Any CPU = Release|Any CPU
	EndGlobalSection
	GlobalSection(ProjectConfigurationPlatforms) = postSolution
		{1DDA64F8-7081-47C4-8C70-98113A861333}.Debug|Any CPU.ActiveCfg = Debug|Any CPU
		{1DDA64F8-7081-47C4-8C70-98113A861333}.Debug|Any CPU.Build.0 = Debug|Any CPU
		{1DDA64F8-7081-47C4-8C70-98113A861333}.Release|Any CPU.ActiveCfg = Release|Any CPU
		{1DDA64F8-7081-47C4-8C70-98113A861333}.Release|Any CPU.Build.0 = Release|Any CPU
	EndGlobalSection
	GlobalSection(SolutionProperties) = preSolution
		HideSolutionNode = FALSE
	EndGlobalSection
	GlobalSection(ExtensibilityGlobals) = postSolution
		SolutionGuid = {6EC0F825-79EF-445C-B8FD-6011C76D417B}
	EndGlobalSection
EndGlobal
